// !$*UTF8*$!
{
	archiveVersion = 1;
	classes = {
	};
	objectVersion = 46;
	objects = {

/* Begin PBXBuildFile section */
		DA43BC4D1A4406980033B606 /* main.m in Sources */ = {isa = PBXBuildFile; fileRef = DA43BC4C1A4406980033B606 /* main.m */; };
		DA43BC501A4406980033B606 /* AppDelegate.m in Sources */ = {isa = PBXBuildFile; fileRef = DA43BC4F1A4406980033B606 /* AppDelegate.m */; };
		DA43BC531A4406980033B606 /* SandPit.xcdatamodeld in Sources */ = {isa = PBXBuildFile; fileRef = DA43BC511A4406980033B606 /* SandPit.xcdatamodeld */; };
		DA43BC561A4406980033B606 /* ViewController.m in Sources */ = {isa = PBXBuildFile; fileRef = DA43BC551A4406980033B606 /* ViewController.m */; };
		DA43BC591A4406980033B606 /* Main.storyboard in Resources */ = {isa = PBXBuildFile; fileRef = DA43BC571A4406980033B606 /* Main.storyboard */; };
		DA43BC5B1A4406980033B606 /* Images.xcassets in Resources */ = {isa = PBXBuildFile; fileRef = DA43BC5A1A4406980033B606 /* Images.xcassets */; };
		DA43BC5E1A4406980033B606 /* LaunchScreen.xib in Resources */ = {isa = PBXBuildFile; fileRef = DA43BC5C1A4406980033B606 /* LaunchScreen.xib */; };
		DA43BC751A44525F0033B606 /* Employee.m in Sources */ = {isa = PBXBuildFile; fileRef = DA43BC741A44525F0033B606 /* Employee.m */; };
		DA43BC761A44525F0033B606 /* Employee.m in Sources */ = {isa = PBXBuildFile; fileRef = DA43BC741A44525F0033B606 /* Employee.m */; };
		DA43BC791A4452600033B606 /* Employer.m in Sources */ = {isa = PBXBuildFile; fileRef = DA43BC781A4452600033B606 /* Employer.m */; };
		DA43BC7A1A4452600033B606 /* Employer.m in Sources */ = {isa = PBXBuildFile; fileRef = DA43BC781A4452600033B606 /* Employer.m */; };
		DAE9ABE81A44FBAD00AE157D /* Worker.m in Sources */ = {isa = PBXBuildFile; fileRef = DAE9ABE71A44FBAD00AE157D /* Worker.m */; };
		DAE9ABEA1A44FC2E00AE157D /* TestWorker.m in Sources */ = {isa = PBXBuildFile; fileRef = DAE9ABE91A44FC2E00AE157D /* TestWorker.m */; };
/* End PBXBuildFile section */

/* Begin PBXContainerItemProxy section */
		DA43BC641A4406980033B606 /* PBXContainerItemProxy */ = {
			isa = PBXContainerItemProxy;
			containerPortal = DA43BC3F1A4406980033B606 /* Project object */;
			proxyType = 1;
			remoteGlobalIDString = DA43BC461A4406980033B606;
			remoteInfo = SandPit;
		};
/* End PBXContainerItemProxy section */

/* Begin PBXFileReference section */
		DA43BC471A4406980033B606 /* SandPit.app */ = {isa = PBXFileReference; explicitFileType = wrapper.application; includeInIndex = 0; path = SandPit.app; sourceTree = BUILT_PRODUCTS_DIR; };
		DA43BC4B1A4406980033B606 /* Info.plist */ = {isa = PBXFileReference; lastKnownFileType = text.plist.xml; path = Info.plist; sourceTree = "<group>"; };
		DA43BC4C1A4406980033B606 /* main.m */ = {isa = PBXFileReference; lastKnownFileType = sourcecode.c.objc; path = main.m; sourceTree = "<group>"; };
		DA43BC4E1A4406980033B606 /* AppDelegate.h */ = {isa = PBXFileReference; lastKnownFileType = sourcecode.c.h; path = AppDelegate.h; sourceTree = "<group>"; };
		DA43BC4F1A4406980033B606 /* AppDelegate.m */ = {isa = PBXFileReference; lastKnownFileType = sourcecode.c.objc; path = AppDelegate.m; sourceTree = "<group>"; };
		DA43BC521A4406980033B606 /* SandPit.xcdatamodel */ = {isa = PBXFileReference; lastKnownFileType = wrapper.xcdatamodel; path = SandPit.xcdatamodel; sourceTree = "<group>"; };
		DA43BC541A4406980033B606 /* ViewController.h */ = {isa = PBXFileReference; lastKnownFileType = sourcecode.c.h; path = ViewController.h; sourceTree = "<group>"; };
		DA43BC551A4406980033B606 /* ViewController.m */ = {isa = PBXFileReference; lastKnownFileType = sourcecode.c.objc; path = ViewController.m; sourceTree = "<group>"; };
		DA43BC581A4406980033B606 /* Base */ = {isa = PBXFileReference; lastKnownFileType = file.storyboard; name = Base; path = Base.lproj/Main.storyboard; sourceTree = "<group>"; };
		DA43BC5A1A4406980033B606 /* Images.xcassets */ = {isa = PBXFileReference; lastKnownFileType = folder.assetcatalog; path = Images.xcassets; sourceTree = "<group>"; };
		DA43BC5D1A4406980033B606 /* Base */ = {isa = PBXFileReference; lastKnownFileType = file.xib; name = Base; path = Base.lproj/LaunchScreen.xib; sourceTree = "<group>"; };
		DA43BC631A4406980033B606 /* SandPitTests.xctest */ = {isa = PBXFileReference; explicitFileType = wrapper.cfbundle; includeInIndex = 0; path = SandPitTests.xctest; sourceTree = BUILT_PRODUCTS_DIR; };
		DA43BC681A4406980033B606 /* Info.plist */ = {isa = PBXFileReference; lastKnownFileType = text.plist.xml; path = Info.plist; sourceTree = "<group>"; };
		DA43BC731A44525F0033B606 /* Employee.h */ = {isa = PBXFileReference; fileEncoding = 4; lastKnownFileType = sourcecode.c.h; path = Employee.h; sourceTree = "<group>"; };
		DA43BC741A44525F0033B606 /* Employee.m */ = {isa = PBXFileReference; fileEncoding = 4; lastKnownFileType = sourcecode.c.objc; path = Employee.m; sourceTree = "<group>"; };
		DA43BC771A4452600033B606 /* Employer.h */ = {isa = PBXFileReference; fileEncoding = 4; lastKnownFileType = sourcecode.c.h; path = Employer.h; sourceTree = "<group>"; };
		DA43BC781A4452600033B606 /* Employer.m */ = {isa = PBXFileReference; fileEncoding = 4; lastKnownFileType = sourcecode.c.objc; path = Employer.m; sourceTree = "<group>"; };
		DAE9ABE61A44FBAD00AE157D /* Worker.h */ = {isa = PBXFileReference; fileEncoding = 4; lastKnownFileType = sourcecode.c.h; path = Worker.h; sourceTree = "<group>"; };
		DAE9ABE71A44FBAD00AE157D /* Worker.m */ = {isa = PBXFileReference; fileEncoding = 4; lastKnownFileType = sourcecode.c.objc; path = Worker.m; sourceTree = "<group>"; };
		DAE9ABE91A44FC2E00AE157D /* TestWorker.m */ = {isa = PBXFileReference; fileEncoding = 4; lastKnownFileType = sourcecode.c.objc; name = TestWorker.m; path = SandPitTests/TestWorker.m; sourceTree = SOURCE_ROOT; };
/* End PBXFileReference section */

/* Begin PBXFrameworksBuildPhase section */
		DA43BC441A4406980033B606 /* Frameworks */ = {
			isa = PBXFrameworksBuildPhase;
			buildActionMask = 2147483647;
			files = (
			);
			runOnlyForDeploymentPostprocessing = 0;
		};
		DA43BC601A4406980033B606 /* Frameworks */ = {
			isa = PBXFrameworksBuildPhase;
			buildActionMask = 2147483647;
			files = (
			);
			runOnlyForDeploymentPostprocessing = 0;
		};
/* End PBXFrameworksBuildPhase section */

/* Begin PBXGroup section */
		DA43BC3E1A4406980033B606 = {
			isa = PBXGroup;
			children = (
				DA43BC491A4406980033B606 /* SandPit */,
				DA43BC661A4406980033B606 /* SandPitTests */,
				DA43BC481A4406980033B606 /* Products */,
			);
			sourceTree = "<group>";
		};
		DA43BC481A4406980033B606 /* Products */ = {
			isa = PBXGroup;
			children = (
				DA43BC471A4406980033B606 /* SandPit.app */,
				DA43BC631A4406980033B606 /* SandPitTests.xctest */,
			);
			name = Products;
			sourceTree = "<group>";
		};
		DA43BC491A4406980033B606 /* SandPit */ = {
			isa = PBXGroup;
			children = (
				DA43BC4E1A4406980033B606 /* AppDelegate.h */,
				DA43BC4F1A4406980033B606 /* AppDelegate.m */,
				DA43BC541A4406980033B606 /* ViewController.h */,
				DA43BC551A4406980033B606 /* ViewController.m */,
				DA43BC571A4406980033B606 /* Main.storyboard */,
				DA43BC5A1A4406980033B606 /* Images.xcassets */,
				DA43BC5C1A4406980033B606 /* LaunchScreen.xib */,
				DA43BC511A4406980033B606 /* SandPit.xcdatamodeld */,
				DAE9ABE61A44FBAD00AE157D /* Worker.h */,
				DAE9ABE71A44FBAD00AE157D /* Worker.m */,
				DA43BC771A4452600033B606 /* Employer.h */,
				DA43BC781A4452600033B606 /* Employer.m */,
				DA43BC731A44525F0033B606 /* Employee.h */,
				DA43BC741A44525F0033B606 /* Employee.m */,
				DA43BC4A1A4406980033B606 /* Supporting Files */,
			);
			path = SandPit;
			sourceTree = "<group>";
		};
		DA43BC4A1A4406980033B606 /* Supporting Files */ = {
			isa = PBXGroup;
			children = (
				DA43BC4B1A4406980033B606 /* Info.plist */,
				DA43BC4C1A4406980033B606 /* main.m */,
			);
			name = "Supporting Files";
			sourceTree = "<group>";
		};
		DA43BC661A4406980033B606 /* SandPitTests */ = {
			isa = PBXGroup;
			children = (
				DAE9ABE91A44FC2E00AE157D /* TestWorker.m */,
				DA43BC671A4406980033B606 /* Supporting Files */,
			);
			path = SandPitTests;
			sourceTree = "<group>";
		};
		DA43BC671A4406980033B606 /* Supporting Files */ = {
			isa = PBXGroup;
			children = (
				DA43BC681A4406980033B606 /* Info.plist */,
			);
			name = "Supporting Files";
			sourceTree = "<group>";
		};
/* End PBXGroup section */

/* Begin PBXNativeTarget section */
		DA43BC461A4406980033B606 /* SandPit */ = {
			isa = PBXNativeTarget;
			buildConfigurationList = DA43BC6D1A4406980033B606 /* Build configuration list for PBXNativeTarget "SandPit" */;
			buildPhases = (
				DA43BC431A4406980033B606 /* Sources */,
				DA43BC441A4406980033B606 /* Frameworks */,
				DA43BC451A4406980033B606 /* Resources */,
			);
			buildRules = (
			);
			dependencies = (
			);
			name = SandPit;
			productName = SandPit;
			productReference = DA43BC471A4406980033B606 /* SandPit.app */;
			productType = "com.apple.product-type.application";
		};
		DA43BC621A4406980033B606 /* SandPitTests */ = {
			isa = PBXNativeTarget;
			buildConfigurationList = DA43BC701A4406980033B606 /* Build configuration list for PBXNativeTarget "SandPitTests" */;
			buildPhases = (
				DA43BC5F1A4406980033B606 /* Sources */,
				DA43BC601A4406980033B606 /* Frameworks */,
				DA43BC611A4406980033B606 /* Resources */,
			);
			buildRules = (
			);
			dependencies = (
				DA43BC651A4406980033B606 /* PBXTargetDependency */,
			);
			name = SandPitTests;
			productName = SandPitTests;
			productReference = DA43BC631A4406980033B606 /* SandPitTests.xctest */;
			productType = "com.apple.product-type.bundle.unit-test";
		};
/* End PBXNativeTarget section */

/* Begin PBXProject section */
		DA43BC3F1A4406980033B606 /* Project object */ = {
			isa = PBXProject;
			attributes = {
				LastUpgradeCheck = 0610;
				ORGANIZATIONNAME = ThomasWW;
				TargetAttributes = {
					DA43BC461A4406980033B606 = {
						CreatedOnToolsVersion = 6.1.1;
					};
					DA43BC621A4406980033B606 = {
						CreatedOnToolsVersion = 6.1.1;
						TestTargetID = DA43BC461A4406980033B606;
					};
				};
			};
			buildConfigurationList = DA43BC421A4406980033B606 /* Build configuration list for PBXProject "SandPit" */;
			compatibilityVersion = "Xcode 3.2";
			developmentRegion = English;
			hasScannedForEncodings = 0;
			knownRegions = (
				en,
				Base,
			);
			mainGroup = DA43BC3E1A4406980033B606;
			productRefGroup = DA43BC481A4406980033B606 /* Products */;
			projectDirPath = "";
			projectRoot = "";
			targets = (
				DA43BC461A4406980033B606 /* SandPit */,
				DA43BC621A4406980033B606 /* SandPitTests */,
			);
		};
/* End PBXProject section */

/* Begin PBXResourcesBuildPhase section */
		DA43BC451A4406980033B606 /* Resources */ = {
			isa = PBXResourcesBuildPhase;
			buildActionMask = 2147483647;
			files = (
				DA43BC591A4406980033B606 /* Main.storyboard in Resources */,
				DA43BC5E1A4406980033B606 /* LaunchScreen.xib in Resources */,
				DA43BC5B1A4406980033B606 /* Images.xcassets in Resources */,
			);
			runOnlyForDeploymentPostprocessing = 0;
		};
		DA43BC611A4406980033B606 /* Resources */ = {
			isa = PBXResourcesBuildPhase;
			buildActionMask = 2147483647;
			files = (
			);
			runOnlyForDeploymentPostprocessing = 0;
		};
/* End PBXResourcesBuildPhase section */

/* Begin PBXSourcesBuildPhase section */
		DA43BC431A4406980033B606 /* Sources */ = {
			isa = PBXSourcesBuildPhase;
			buildActionMask = 2147483647;
			files = (
				DA43BC751A44525F0033B606 /* Employee.m in Sources */,
				DAE9ABE81A44FBAD00AE157D /* Worker.m in Sources */,
				DA43BC501A4406980033B606 /* AppDelegate.m in Sources */,
				DA43BC791A4452600033B606 /* Employer.m in Sources */,
				DA43BC4D1A4406980033B606 /* main.m in Sources */,
				DA43BC561A4406980033B606 /* ViewController.m in Sources */,
				DA43BC531A4406980033B606 /* SandPit.xcdatamodeld in Sources */,
			);
			runOnlyForDeploymentPostprocessing = 0;
		};
		DA43BC5F1A4406980033B606 /* Sources */ = {
			isa = PBXSourcesBuildPhase;
			buildActionMask = 2147483647;
			files = (
				DAE9ABEA1A44FC2E00AE157D /* TestWorker.m in Sources */,
				DA43BC761A44525F0033B606 /* Employee.m in Sources */,
				DA43BC7A1A4452600033B606 /* Employer.m in Sources */,
			);
			runOnlyForDeploymentPostprocessing = 0;
		};
/* End PBXSourcesBuildPhase section */

/* Begin PBXTargetDependency section */
		DA43BC651A4406980033B606 /* PBXTargetDependency */ = {
			isa = PBXTargetDependency;
			target = DA43BC461A4406980033B606 /* SandPit */;
			targetProxy = DA43BC641A4406980033B606 /* PBXContainerItemProxy */;
		};
/* End PBXTargetDependency section */

/* Begin PBXVariantGroup section */
		DA43BC571A4406980033B606 /* Main.storyboard */ = {
			isa = PBXVariantGroup;
			children = (
				DA43BC581A4406980033B606 /* Base */,
			);
			name = Main.storyboard;
			sourceTree = "<group>";
		};
		DA43BC5C1A4406980033B606 /* LaunchScreen.xib */ = {
			isa = PBXVariantGroup;
			children = (
				DA43BC5D1A4406980033B606 /* Base */,
			);
			name = LaunchScreen.xib;
			sourceTree = "<group>";
		};
/* End PBXVariantGroup section */

/* Begin XCBuildConfiguration section */
		DA43BC6B1A4406980033B606 /* Debug */ = {
			isa = XCBuildConfiguration;
			buildSettings = {
				ALWAYS_SEARCH_USER_PATHS = NO;
				CLANG_CXX_LANGUAGE_STANDARD = "gnu++0x";
				CLANG_CXX_LIBRARY = "libc++";
				CLANG_ENABLE_MODULES = YES;
				CLANG_ENABLE_OBJC_ARC = YES;
				CLANG_WARN_BOOL_CONVERSION = YES;
				CLANG_WARN_CONSTANT_CONVERSION = YES;
				CLANG_WARN_DIRECT_OBJC_ISA_USAGE = YES_ERROR;
				CLANG_WARN_EMPTY_BODY = YES;
				CLANG_WARN_ENUM_CONVERSION = YES;
				CLANG_WARN_INT_CONVERSION = YES;
				CLANG_WARN_OBJC_ROOT_CLASS = YES_ERROR;
				CLANG_WARN_UNREACHABLE_CODE = YES;
				CLANG_WARN__DUPLICATE_METHOD_MATCH = YES;
				"CODE_SIGN_IDENTITY[sdk=iphoneos*]" = "iPhone Developer";
				COPY_PHASE_STRIP = NO;
				ENABLE_STRICT_OBJC_MSGSEND = YES;
				GCC_C_LANGUAGE_STANDARD = gnu99;
				GCC_DYNAMIC_NO_PIC = NO;
				GCC_OPTIMIZATION_LEVEL = 0;
				GCC_PREPROCESSOR_DEFINITIONS = (
					"DEBUG=1",
					"$(inherited)",
				);
				GCC_SYMBOLS_PRIVATE_EXTERN = NO;
				GCC_WARN_64_TO_32_BIT_CONVERSION = YES;
				GCC_WARN_ABOUT_RETURN_TYPE = YES_ERROR;
				GCC_WARN_UNDECLARED_SELECTOR = YES;
				GCC_WARN_UNINITIALIZED_AUTOS = YES_AGGRESSIVE;
				GCC_WARN_UNUSED_FUNCTION = YES;
				GCC_WARN_UNUSED_VARIABLE = YES;
				IPHONEOS_DEPLOYMENT_TARGET = 8.1;
				MTL_ENABLE_DEBUG_INFO = YES;
				ONLY_ACTIVE_ARCH = YES;
				SDKROOT = iphoneos;
				TARGETED_DEVICE_FAMILY = "1,2";
			};
			name = Debug;
		};
		DA43BC6C1A4406980033B606 /* Release */ = {
			isa = XCBuildConfiguration;
			buildSettings = {
				ALWAYS_SEARCH_USER_PATHS = NO;
				CLANG_CXX_LANGUAGE_STANDARD = "gnu++0x";
				CLANG_CXX_LIBRARY = "libc++";
				CLANG_ENABLE_MODULES = YES;
				CLANG_ENABLE_OBJC_ARC = YES;
				CLANG_WARN_BOOL_CONVERSION = YES;
				CLANG_WARN_CONSTANT_CONVERSION = YES;
				CLANG_WARN_DIRECT_OBJC_ISA_USAGE = YES_ERROR;
				CLANG_WARN_EMPTY_BODY = YES;
				CLANG_WARN_ENUM_CONVERSION = YES;
				CLANG_WARN_INT_CONVERSION = YES;
				CLANG_WARN_OBJC_ROOT_CLASS = YES_ERROR;
				CLANG_WARN_UNREACHABLE_CODE = YES;
				CLANG_WARN__DUPLICATE_METHOD_MATCH = YES;
				"CODE_SIGN_IDENTITY[sdk=iphoneos*]" = "iPhone Developer";
				COPY_PHASE_STRIP = YES;
				ENABLE_NS_ASSERTIONS = NO;
				ENABLE_STRICT_OBJC_MSGSEND = YES;
				GCC_C_LANGUAGE_STANDARD = gnu99;
				GCC_WARN_64_TO_32_BIT_CONVERSION = YES;
				GCC_WARN_ABOUT_RETURN_TYPE = YES_ERROR;
				GCC_WARN_UNDECLARED_SELECTOR = YES;
				GCC_WARN_UNINITIALIZED_AUTOS = YES_AGGRESSIVE;
				GCC_WARN_UNUSED_FUNCTION = YES;
				GCC_WARN_UNUSED_VARIABLE = YES;
				IPHONEOS_DEPLOYMENT_TARGET = 8.1;
				MTL_ENABLE_DEBUG_INFO = NO;
				SDKROOT = iphoneos;
				TARGETED_DEVICE_FAMILY = "1,2";
				VALIDATE_PRODUCT = YES;
			};
			name = Release;
		};
		DA43BC6E1A4406980033B606 /* Debug */ = {
			isa = XCBuildConfiguration;
			buildSettings = {
				ASSETCATALOG_COMPILER_APPICON_NAME = AppIcon;
				INFOPLIST_FILE = SandPit/Info.plist;
				IPHONEOS_DEPLOYMENT_TARGET = 7.0;
				LD_RUNPATH_SEARCH_PATHS = "$(inherited) @executable_path/Frameworks";
				PRODUCT_NAME = "$(TARGET_NAME)";
			};
			name = Debug;
		};
		DA43BC6F1A4406980033B606 /* Release */ = {
			isa = XCBuildConfiguration;
			buildSettings = {
				ASSETCATALOG_COMPILER_APPICON_NAME = AppIcon;
				INFOPLIST_FILE = SandPit/Info.plist;
				IPHONEOS_DEPLOYMENT_TARGET = 7.0;
				LD_RUNPATH_SEARCH_PATHS = "$(inherited) @executable_path/Frameworks";
				PRODUCT_NAME = "$(TARGET_NAME)";
			};
			name = Release;
		};
		DA43BC711A4406980033B606 /* Debug */ = {
			isa = XCBuildConfiguration;
			buildSettings = {
				BUNDLE_LOADER = "$(TEST_HOST)";
				FRAMEWORK_SEARCH_PATHS = (
					"$(SDKROOT)/Developer/Library/Frameworks",
					"$(inherited)",
				);
				GCC_PREPROCESSOR_DEFINITIONS = (
					"DEBUG=1",
					"$(inherited)",
				);
				INFOPLIST_FILE = SandPitTests/Info.plist;
				LD_RUNPATH_SEARCH_PATHS = "$(inherited) @executable_path/Frameworks @loader_path/Frameworks";
				PRODUCT_NAME = "$(TARGET_NAME)";
				TEST_HOST = "$(BUILT_PRODUCTS_DIR)/SandPit.app/SandPit";
			};
			name = Debug;
		};
		DA43BC721A4406980033B606 /* Release */ = {
			isa = XCBuildConfiguration;
			buildSettings = {
				BUNDLE_LOADER = "$(TEST_HOST)";
				FRAMEWORK_SEARCH_PATHS = (
					"$(SDKROOT)/Developer/Library/Frameworks",
					"$(inherited)",
				);
				INFOPLIST_FILE = SandPitTests/Info.plist;
				LD_RUNPATH_SEARCH_PATHS = "$(inherited) @executable_path/Frameworks @loader_path/Frameworks";
				PRODUCT_NAME = "$(TARGET_NAME)";
				TEST_HOST = "$(BUILT_PRODUCTS_DIR)/SandPit.app/SandPit";
			};
			name = Release;
		};
/* End XCBuildConfiguration section */

/* Begin XCConfigurationList section */
		DA43BC421A4406980033B606 /* Build configuration list for PBXProject "SandPit" */ = {
			isa = XCConfigurationList;
			buildConfigurations = (
				DA43BC6B1A4406980033B606 /* Debug */,
				DA43BC6C1A4406980033B606 /* Release */,
			);
			defaultConfigurationIsVisible = 0;
			defaultConfigurationName = Release;
		};
		DA43BC6D1A4406980033B606 /* Build configuration list for PBXNativeTarget "SandPit" */ = {
			isa = XCConfigurationList;
			buildConfigurations = (
				DA43BC6E1A4406980033B606 /* Debug */,
				DA43BC6F1A4406980033B606 /* Release */,
			);
			defaultConfigurationIsVisible = 0;
			defaultConfigurationName = Release;
		};
		DA43BC701A4406980033B606 /* Build configuration list for PBXNativeTarget "SandPitTests" */ = {
			isa = XCConfigurationList;
			buildConfigurations = (
				DA43BC711A4406980033B606 /* Debug */,
				DA43BC721A4406980033B606 /* Release */,
			);
			defaultConfigurationIsVisible = 0;
			defaultConfigurationName = Release;
		};
/* End XCConfigurationList section */

/* Begin XCVersionGroup section */
		DA43BC511A4406980033B606 /* SandPit.xcdatamodeld */ = {
			isa = XCVersionGroup;
			children = (
				DA43BC521A4406980033B606 /* SandPit.xcdatamodel */,
			);
			currentVersion = DA43BC521A4406980033B606 /* SandPit.xcdatamodel */;
			path = SandPit.xcdatamodeld;
			sourceTree = "<group>";
			versionGroupType = wrapper.xcdatamodel;
		};
/* End XCVersionGroup section */
	};
	rootObject = DA43BC3F1A4406980033B606 /* Project object */;
}
